{
  "name": "rabbitmq",
  "version": "1.0.0",
  "lockfileVersion": 3,
  "requires": true,
  "packages": {
    "": {
      "name": "rabbitmq",
      "version": "1.0.0",
      "license": "ISC"
    },
    "5log-sdk": {
      "version": "0.6.5",
      "extraneous": true,
      "license": "MIT",
      "dependencies": {
        "amqplib": "^0.10.4",
        "axios": "^1.7.2",
        "chalk": "^4.1.2",
        "stacktrace-parser": "^0.1.10",
        "typescript": "^5.4.5"
      },
      "devDependencies": {
        "@types/node": "^20.13.0"
      }
    }
  }
}
